# This file is autogenerated, do not edit; changes may be undone by the next 'dep ensure'.


[[projects]]
  digest = "1:4d2e5a73dc1500038e504a8d78b986630e3626dc027bc030ba5c75da257cdb96"
  name = "github.com/go-yaml/yaml"
  packages = ["."]
  pruneopts = "UT"
  revision = "51d6538a90f86fe93ac480b35f37b2be17fef232"
  version = "v2.2.2"

[[projects]]
  digest = "1:718c57979a9197414a044fff2028e57cb9fe145069e4f507059755bfe87f1bfe"
  name = "github.com/influxdata/influxdb"
  packages = [
    "client/v2",
    "models",
    "pkg/escape",
  ]
  pruneopts = "UT"
  revision = "76f907b0fada2f16931e37471da695349fcdf8c6"
  version = "v1.7.2"

[[projects]]
  branch = "master"
  digest = "1:ac6b73796941a7ab33ec69fc32f9886a6e7506998f822e3d5205377aee77284a"
  name = "github.com/influxdata/platform"
  packages = [
    "models",
    "pkg/escape",
  ]
  pruneopts = "UT"
  revision = "98469bf07613ffae6f025893761c1e7a5e96e4aa"

[solve-meta]
  analyzer-name = "dep"
  analyzer-version = 1
  input-imports = [
    "github.com/go-yaml/yaml",
    "github.com/influxdata/influxdb/client/v2",
    "github.com/influxdata/influxdb/models",
  ]
  solver-name = "gps-cdcl"
  solver-version = 1
